
Microsoft Visual Studio Solution File, Format Version 12.00
# Visual Studio 14
VisualStudioVersion = 14.0.25420.1
MinimumVisualStudioVersion = 10.0.40219.1
Project("{FAE04EC0-301F-11D3-BF4B-00C04F79EFBC}") = "YamDocumentManagementSystem", "YamDocumentManagementSystem\YamDocumentManagementSystem.csproj", "{430376D3-B203-4E69-BAC3-5605A9D978CC}"
EndProject
Project("{FAE04EC0-301F-11D3-BF4B-00C04F79EFBC}") = "Core", "Core\Core.csproj", "{9738DDFF-E869-41BF-A933-427D6C6357A7}"
EndProject
Project("{FAE04EC0-301F-11D3-BF4B-00C04F79EFBC}") = "Types", "Types\Types.csproj", "{34347D0B-42AE-4A6C-AD07-6A76487729F1}"
EndProject
Global
	GlobalSection(SolutionConfigurationPlatforms) = preSolution
		Debug|Any CPU = Debug|Any CPU
		Release|Any CPU = Release|Any CPU
	EndGlobalSection
	GlobalSection(ProjectConfigurationPlatforms) = postSolution
		{430376D3-B203-4E69-BAC3-5605A9D978CC}.Debug|Any CPU.ActiveCfg = Debug|Any CPU
		{430376D3-B203-4E69-BAC3-5605A9D978CC}.Debug|Any CPU.Build.0 = Debug|Any CPU
		{430376D3-B203-4E69-BAC3-5605A9D978CC}.Release|Any CPU.ActiveCfg = Release|Any CPU
		{430376D3-B203-4E69-BAC3-5605A9D978CC}.Release|Any CPU.Build.0 = Release|Any CPU
		{9738DDFF-E869-41BF-A933-427D6C6357A7}.Debug|Any CPU.ActiveCfg = Debug|Any CPU
		{9738DDFF-E869-41BF-A933-427D6C6357A7}.Debug|Any CPU.Build.0 = Debug|Any CPU
		{9738DDFF-E869-41BF-A933-427D6C6357A7}.Release|Any CPU.ActiveCfg = Release|Any CPU
		{9738DDFF-E869-41BF-A933-427D6C6357A7}.Release|Any CPU.Build.0 = Release|Any CPU
		{34347D0B-42AE-4A6C-AD07-6A76487729F1}.Debug|Any CPU.ActiveCfg = Debug|Any CPU
		{34347D0B-42AE-4A6C-AD07-6A76487729F1}.Debug|Any CPU.Build.0 = Debug|Any CPU
		{34347D0B-42AE-4A6C-AD07-6A76487729F1}.Release|Any CPU.ActiveCfg = Release|Any CPU
		{34347D0B-42AE-4A6C-AD07-6A76487729F1}.Release|Any CPU.Build.0 = Release|Any CPU
	EndGlobalSection
	GlobalSection(SolutionProperties) = preSolution
		HideSolutionNode = FALSE
	EndGlobalSection
EndGlobal
